
Microsoft Visual Studio Solution File, Format Version 12.00
# Visual Studio Version 17
VisualStudioVersion = 17.8.34316.72
MinimumVisualStudioVersion = 10.0.40219.1
Project("{FAE04EC0-301F-11D3-BF4B-00C04F79EFBC}") = "Svetli_BaristaContest", "Svetli_BaristaContest.csproj", "{AB6DCA19-F3EC-41E5-ADBC-B28F9876125E}"
EndProject
Global
	GlobalSection(SolutionConfigurationPlatforms) = preSolution
		Debug|Any CPU = Debug|Any CPU
		Release|Any CPU = Release|Any CPU
	EndGlobalSection
	GlobalSection(ProjectConfigurationPlatforms) = postSolution
		{AB6DCA19-F3EC-41E5-ADBC-B28F9876125E}.Debug|Any CPU.ActiveCfg = Debug|Any CPU
		{AB6DCA19-F3EC-41E5-ADBC-B28F9876125E}.Debug|Any CPU.Build.0 = Debug|Any CPU
		{AB6DCA19-F3EC-41E5-ADBC-B28F9876125E}.Release|Any CPU.ActiveCfg = Release|Any CPU
		{AB6DCA19-F3EC-41E5-ADBC-B28F9876125E}.Release|Any CPU.Build.0 = Release|Any CPU
	EndGlobalSection
	GlobalSection(SolutionProperties) = preSolution
		HideSolutionNode = FALSE
	EndGlobalSection
	GlobalSection(ExtensibilityGlobals) = postSolution
		SolutionGuid = {796C073B-2940-4E09-A686-3FAAC5C8C3DE}
	EndGlobalSection
EndGlobal
